golang.org/x/net v0.33.0 h1:74SYHlV8BIgHIFC/LrYkOGIwL19eTYXQ5wc6TBuO36I=
golang.org/x/net v0.33.0/go.mod h1:HXLR5J+9DxmrqMwG9qjGCxZ+zKXxBru04zlTvWlWuN4=
gopkg.in/natefinch/lumberjack.v2 v2.2.1 h1:bBRl1b0OH9s/DuPhuXpNl+VtCaJXFZ5/uEFST95x9zc=
gopkg.in/natefinch/lumberjack.v2 v2.2.1/go.mod h1:YD8tP3GAjkrDg1eZH7EGmyESg/lsYskCTPBJVb9jqSc=
resty.dev/v3 v3.0.0-beta.3 h1:3kEwzEgCnnS6Ob4Emlk94t+I/gClyoah7SnNi67lt+E=
resty.dev/v3 v3.0.0-beta.3/go.mod h1:OgkqiPvTDtOuV4MGZuUDhwOpkY8enjOsjjMzeOHefy4=
