github.com/bitly/go-simplejson v0.5.0 h1:6IH+V8/tVMab511d5bn4M7EwGXZf9Hj6i2xSwkNEM+Y=
github.com/bitly/go-simplejson v0.5.0/go.mod h1:cXHtHw4XUPsvGaxgjIAn8PhEWG9NfngEKAMDJEczWVA=
github.com/bmizerany/assert v0.0.0-20160611221934-b7ed37b82869 h1:DDGfHa7BWjL4YnC6+E63dPcxHo2sUxDIu8g3QgEJdRY=
github.com/bmizerany/assert v0.0.0-20160611221934-b7ed37b82869/go.mod h1:Ekp36dRnpXw/yCqJaO+ZrUyxD+3VXMFFr56k5XYrpB4=
github.com/dtapps/go-library/daes v0.0.0-20210726080930-0164efa3bf60 h1:amnFIU07jc4YlanZ/7EC+LaFfZxuEGIwV+PBrdmTEIs=
github.com/dtapps/go-library/daes v0.0.0-20210726080930-0164efa3bf60/go.mod h1:dA9YmhfLHYxLloQzJ+N6JS+4hfK74tVO7njOfqMwCA8=
github.com/dtapps/go-library/daes v0.0.0-20210726083334-78b3dcf83dce h1:L++5NjyVrMSS42nNBzb9XcaLnVapu23omkBAch6VcXI=
github.com/dtapps/go-library/daes v0.0.0-20210726083334-78b3dcf83dce/go.mod h1:dA9YmhfLHYxLloQzJ+N6JS+4hfK74tVO7njOfqMwCA8=
github.com/dtapps/go-library/dfiles v0.0.0-20210726080930-0164efa3bf60 h1:SRi3/xNdoXtF0/NYL3W27IuuCILzQbvvFBEaFfU3Jdk=
github.com/dtapps/go-library/dfiles v0.0.0-20210726080930-0164efa3bf60/go.mod h1:gvhP7pG+ePsSG+X2A1zr24oPWk/jQb9ztE0h7NTWqy4=
github.com/dtapps/go-library/dfiles v0.0.0-20210726083631-b1d525f5f55d h1:qg70luidbAFRs3nhpaPaPRZCCUuagLXxr742F5pqu+I=
github.com/dtapps/go-library/dfiles v0.0.0-20210726083631-b1d525f5f55d/go.mod h1:gvhP7pG+ePsSG+X2A1zr24oPWk/jQb9ztE0h7NTWqy4=
github.com/dtapps/go-library/dheader v0.0.0-20210726080930-0164efa3bf60 h1:Y5jV8gOJMlvl2xOUbMqgcyn0IfjgjTIXY2yTwvpb9fY=
github.com/dtapps/go-library/dheader v0.0.0-20210726080930-0164efa3bf60/go.mod h1:yOMrxPQVlTQvt//C/pjtW+5dBrXAtjXYHfUcCtbyl5Y=
github.com/dtapps/go-library/dheader v0.0.0-20210726083631-b1d525f5f55d h1:SNWqzfV4Grvs/8VcXAA79tP+LntW1fjmLAJR+kl+W9s=
github.com/dtapps/go-library/dheader v0.0.0-20210726083631-b1d525f5f55d/go.mod h1:yOMrxPQVlTQvt//C/pjtW+5dBrXAtjXYHfUcCtbyl5Y=
github.com/dtapps/go-library/djson v0.0.0-20210726080930-0164efa3bf60 h1:n99BOR3W25BW2kNEcxUg4HC9AFVYpOCGf6dwFA65jEg=
github.com/dtapps/go-library/djson v0.0.0-20210726080930-0164efa3bf60/go.mod h1:xvXelb7bC9k4DMiAxsdV72N3OoIacDG60/sPCrLniHo=
github.com/dtapps/go-library/dmail v0.0.0-20210726080930-0164efa3bf60 h1:012NntQBJJ+HpIkqsib0Hs6Mvfiyi5Kl64rebAFPSqI=
github.com/dtapps/go-library/dmail v0.0.0-20210726080930-0164efa3bf60/go.mod h1:IG26CNx2BlV+ADFK/d/0Z5L1Pl16tbBArWKS7tp0D90=
github.com/dtapps/go-library/drequest v0.0.0-20210726080930-0164efa3bf60 h1:+EcrynQweOZlCE37P0sgz8HF+YjrDPQ5cdeEfwnq0i4=
github.com/dtapps/go-library/drequest v0.0.0-20210726080930-0164efa3bf60/go.mod h1:cyvgDKvclg9srguVf8vVjiDSYHUP20Et9I/72ZDMgYc=
github.com/dtapps/go-library/drequest v0.0.0-20210726083631-b1d525f5f55d h1:qRWgk5znyeEcqT/r0gVafofF0jE3UQzVzpB3spEBJS8=
github.com/dtapps/go-library/drequest v0.0.0-20210726083631-b1d525f5f55d/go.mod h1:cyvgDKvclg9srguVf8vVjiDSYHUP20Et9I/72ZDMgYc=
github.com/dtapps/go-library/dstring v0.0.0-20210726080930-0164efa3bf60 h1:2/zgj4YaQ4w8BWZab+PFhdpXqi97CWYmx0+12vvbw1o=
github.com/dtapps/go-library/dstring v0.0.0-20210726080930-0164efa3bf60/go.mod h1:TU3i4tY29OsE+LWeZXmNzEvLf/E1ZwG4KYZgq0Lckds=
github.com/dtapps/go-library/params v0.0.0-20210726080930-0164efa3bf60 h1:jo8BMrJtoPs/Z3iXdHikkfUSkXNh6cT6Vasejx5Wm9o=
github.com/dtapps/go-library/params v0.0.0-20210726080930-0164efa3bf60/go.mod h1:GyaRzaRnHSoluxr1Q8qIa6XLppQBlbT/pZP1DQOuLeE=
github.com/dtapps/go-library/params v0.0.0-20210726084511-d3126e0d7b75 h1:QwTvdvHvIFCk7e2k+9LnEHUkzKfP52Qo7y972x6rqkc=
github.com/dtapps/go-library/params v0.0.0-20210726084511-d3126e0d7b75/go.mod h1:GyaRzaRnHSoluxr1Q8qIa6XLppQBlbT/pZP1DQOuLeE=
github.com/kr/pretty v0.2.1 h1:Fmg33tUaq4/8ym9TJN1x7sLJnHVwhP33CNkpYV/7rwI=
github.com/kr/pretty v0.2.1/go.mod h1:ipq/a2n7PKx3OHsz4KJII5eveXtPO4qwEXGdVfWzfnI=
github.com/kr/pty v1.1.1/go.mod h1:pFQYn66WHrOpPYNljwOMqo10TkYh1fy3cYio2l3bCsQ=
github.com/kr/text v0.1.0 h1:45sCR5RtlFHMR4UwH9sdQ5TC8v0qDQCHnXt+kaKSTVE=
github.com/kr/text v0.1.0/go.mod h1:4Jbv+DJW3UT/LiOwJeYQe1efqtUx/iVham/4vfdArNI=
github.com/nilorg/sdk v0.0.0-20210429091026-95b6cdc95c84 h1:Nxk1uViXfb9MHgtHBlQFWzlQCsJbDQuotfTsAFcFP3o=
github.com/nilorg/sdk v0.0.0-20210429091026-95b6cdc95c84/go.mod h1:X1swpPdqguAZaBDoEPyEWHSsJii0YQ1o+3piMv6W3JU=
gopkg.in/alexcesaro/quotedprintable.v3 v3.0.0-20150716171945-2caba252f4dc/go.mod h1:m7x9LTH6d71AHyAX77c9yqWCCa3UKHcVEj9y7hAtKDk=
gopkg.in/gomail.v2 v2.0.0-20160411212932-81ebce5c23df/go.mod h1:LRQQ+SO6ZHR7tOkpBDuZnXENFzX8qRjMDMyPD6BRkCw=
