golang.org/x/net v0.47.0 h1:Mx+4dIFzqraBXUugkia1OOvlD6LemFo1ALMHjrXDOhY=
golang.org/x/net v0.47.0/go.mod h1:/jNxtkgq5yWUGYkaZGqo27cfGZ1c5Nen03aYrrKpVRU=
resty.dev/v3 v3.0.0-beta.4 h1:2O77oFymtA4NT8AY87wAaSgSGUBk2yvvM1qno9VRXZU=
resty.dev/v3 v3.0.0-beta.4/go.mod h1:NTOerrC/4T7/FE6tXIZGIysXXBdgNqwMZuKtxpea9NM=
